
Microsoft Visual Studio Solution File, Format Version 12.00
# Visual Studio Version 17
VisualStudioVersion = 17.13.35919.96 d17.13
MinimumVisualStudioVersion = 10.0.40219.1
Project("{FAE04EC0-301F-11D3-BF4B-00C04F79EFBC}") = "Level9", "Level9.csproj", "{72465D6C-DD03-46E5-A37A-F9F8F2D61095}"
EndProject
Global
	GlobalSection(SolutionConfigurationPlatforms) = preSolution
		Debug|Any CPU = Debug|Any CPU
		Release|Any CPU = Release|Any CPU
	EndGlobalSection
	GlobalSection(ProjectConfigurationPlatforms) = postSolution
		{72465D6C-DD03-46E5-A37A-F9F8F2D61095}.Debug|Any CPU.ActiveCfg = Debug|Any CPU
		{72465D6C-DD03-46E5-A37A-F9F8F2D61095}.Debug|Any CPU.Build.0 = Debug|Any CPU
		{72465D6C-DD03-46E5-A37A-F9F8F2D61095}.Release|Any CPU.ActiveCfg = Release|Any CPU
		{72465D6C-DD03-46E5-A37A-F9F8F2D61095}.Release|Any CPU.Build.0 = Release|Any CPU
	EndGlobalSection
	GlobalSection(SolutionProperties) = preSolution
		HideSolutionNode = FALSE
	EndGlobalSection
	GlobalSection(ExtensibilityGlobals) = postSolution
		SolutionGuid = {D23C2E6B-D664-4370-991D-851D1E54BAB2}
	EndGlobalSection
EndGlobal
