
Microsoft Visual Studio Solution File, Format Version 12.00
# Visual Studio Version 17
VisualStudioVersion = 17.14.36109.1 d17.14
MinimumVisualStudioVersion = 10.0.40219.1
Project("{FAE04EC0-301F-11D3-BF4B-00C04F79EFBC}") = "Level34", "Level34.csproj", "{6BEEC55B-DAA1-4E8C-9F7E-BC03505CD3A5}"
EndProject
Global
	GlobalSection(SolutionConfigurationPlatforms) = preSolution
		Debug|Any CPU = Debug|Any CPU
		Release|Any CPU = Release|Any CPU
	EndGlobalSection
	GlobalSection(ProjectConfigurationPlatforms) = postSolution
		{6BEEC55B-DAA1-4E8C-9F7E-BC03505CD3A5}.Debug|Any CPU.ActiveCfg = Debug|Any CPU
		{6BEEC55B-DAA1-4E8C-9F7E-BC03505CD3A5}.Debug|Any CPU.Build.0 = Debug|Any CPU
		{6BEEC55B-DAA1-4E8C-9F7E-BC03505CD3A5}.Release|Any CPU.ActiveCfg = Release|Any CPU
		{6BEEC55B-DAA1-4E8C-9F7E-BC03505CD3A5}.Release|Any CPU.Build.0 = Release|Any CPU
	EndGlobalSection
	GlobalSection(SolutionProperties) = preSolution
		HideSolutionNode = FALSE
	EndGlobalSection
	GlobalSection(ExtensibilityGlobals) = postSolution
		SolutionGuid = {DD326A5E-4043-4D02-9321-59D6192ECB76}
	EndGlobalSection
EndGlobal
