
Microsoft Visual Studio Solution File, Format Version 12.00
# Visual Studio Version 17
VisualStudioVersion = 17.14.36109.1 d17.14
MinimumVisualStudioVersion = 10.0.40219.1
Project("{FAE04EC0-301F-11D3-BF4B-00C04F79EFBC}") = "Level41", "Level41.csproj", "{FC5D693D-E5C7-4115-8963-061FFB0C7F2E}"
EndProject
Global
	GlobalSection(SolutionConfigurationPlatforms) = preSolution
		Debug|Any CPU = Debug|Any CPU
		Release|Any CPU = Release|Any CPU
	EndGlobalSection
	GlobalSection(ProjectConfigurationPlatforms) = postSolution
		{FC5D693D-E5C7-4115-8963-061FFB0C7F2E}.Debug|Any CPU.ActiveCfg = Debug|Any CPU
		{FC5D693D-E5C7-4115-8963-061FFB0C7F2E}.Debug|Any CPU.Build.0 = Debug|Any CPU
		{FC5D693D-E5C7-4115-8963-061FFB0C7F2E}.Release|Any CPU.ActiveCfg = Release|Any CPU
		{FC5D693D-E5C7-4115-8963-061FFB0C7F2E}.Release|Any CPU.Build.0 = Release|Any CPU
	EndGlobalSection
	GlobalSection(SolutionProperties) = preSolution
		HideSolutionNode = FALSE
	EndGlobalSection
	GlobalSection(ExtensibilityGlobals) = postSolution
		SolutionGuid = {3AB7A254-9117-4210-BA3C-E2F007EBFB68}
	EndGlobalSection
EndGlobal
