
Microsoft Visual Studio Solution File, Format Version 12.00
# Visual Studio Version 17
VisualStudioVersion = 17.13.35919.96 d17.13
MinimumVisualStudioVersion = 10.0.40219.1
Project("{FAE04EC0-301F-11D3-BF4B-00C04F79EFBC}") = "Level13", "Level13.csproj", "{15622EF7-A17D-4A71-9329-71EE8E784765}"
EndProject
Global
	GlobalSection(SolutionConfigurationPlatforms) = preSolution
		Debug|Any CPU = Debug|Any CPU
		Release|Any CPU = Release|Any CPU
	EndGlobalSection
	GlobalSection(ProjectConfigurationPlatforms) = postSolution
		{15622EF7-A17D-4A71-9329-71EE8E784765}.Debug|Any CPU.ActiveCfg = Debug|Any CPU
		{15622EF7-A17D-4A71-9329-71EE8E784765}.Debug|Any CPU.Build.0 = Debug|Any CPU
		{15622EF7-A17D-4A71-9329-71EE8E784765}.Release|Any CPU.ActiveCfg = Release|Any CPU
		{15622EF7-A17D-4A71-9329-71EE8E784765}.Release|Any CPU.Build.0 = Release|Any CPU
	EndGlobalSection
	GlobalSection(SolutionProperties) = preSolution
		HideSolutionNode = FALSE
	EndGlobalSection
	GlobalSection(ExtensibilityGlobals) = postSolution
		SolutionGuid = {40988C44-6954-4107-850E-C1B7B714183E}
	EndGlobalSection
EndGlobal
