
Microsoft Visual Studio Solution File, Format Version 12.00
# Visual Studio Version 17
VisualStudioVersion = 17.14.36121.58 d17.14
MinimumVisualStudioVersion = 10.0.40219.1
Project("{FAE04EC0-301F-11D3-BF4B-00C04F79EFBC}") = "Level42", "Level42.csproj", "{85618769-DC5D-4815-90A1-C23AE4969B14}"
EndProject
Global
	GlobalSection(SolutionConfigurationPlatforms) = preSolution
		Debug|Any CPU = Debug|Any CPU
		Release|Any CPU = Release|Any CPU
	EndGlobalSection
	GlobalSection(ProjectConfigurationPlatforms) = postSolution
		{85618769-DC5D-4815-90A1-C23AE4969B14}.Debug|Any CPU.ActiveCfg = Debug|Any CPU
		{85618769-DC5D-4815-90A1-C23AE4969B14}.Debug|Any CPU.Build.0 = Debug|Any CPU
		{85618769-DC5D-4815-90A1-C23AE4969B14}.Release|Any CPU.ActiveCfg = Release|Any CPU
		{85618769-DC5D-4815-90A1-C23AE4969B14}.Release|Any CPU.Build.0 = Release|Any CPU
	EndGlobalSection
	GlobalSection(SolutionProperties) = preSolution
		HideSolutionNode = FALSE
	EndGlobalSection
	GlobalSection(ExtensibilityGlobals) = postSolution
		SolutionGuid = {3D79704B-2322-4B23-B880-66662497EFE9}
	EndGlobalSection
EndGlobal
