
Microsoft Visual Studio Solution File, Format Version 12.00
# Visual Studio Version 17
VisualStudioVersion = 17.13.35931.197 d17.13
MinimumVisualStudioVersion = 10.0.40219.1
Project("{FAE04EC0-301F-11D3-BF4B-00C04F79EFBC}") = "Level29", "Level29.csproj", "{BA08EFD9-C116-4156-BA4A-851622F5EFD1}"
EndProject
Global
	GlobalSection(SolutionConfigurationPlatforms) = preSolution
		Debug|Any CPU = Debug|Any CPU
		Release|Any CPU = Release|Any CPU
	EndGlobalSection
	GlobalSection(ProjectConfigurationPlatforms) = postSolution
		{BA08EFD9-C116-4156-BA4A-851622F5EFD1}.Debug|Any CPU.ActiveCfg = Debug|Any CPU
		{BA08EFD9-C116-4156-BA4A-851622F5EFD1}.Debug|Any CPU.Build.0 = Debug|Any CPU
		{BA08EFD9-C116-4156-BA4A-851622F5EFD1}.Release|Any CPU.ActiveCfg = Release|Any CPU
		{BA08EFD9-C116-4156-BA4A-851622F5EFD1}.Release|Any CPU.Build.0 = Release|Any CPU
	EndGlobalSection
	GlobalSection(SolutionProperties) = preSolution
		HideSolutionNode = FALSE
	EndGlobalSection
	GlobalSection(ExtensibilityGlobals) = postSolution
		SolutionGuid = {AEE57BC2-CB7F-4787-8BDD-C41D76565084}
	EndGlobalSection
EndGlobal
