
Microsoft Visual Studio Solution File, Format Version 12.00
# Visual Studio Version 17
VisualStudioVersion = 17.13.35931.197 d17.13
MinimumVisualStudioVersion = 10.0.40219.1
Project("{FAE04EC0-301F-11D3-BF4B-00C04F79EFBC}") = "TicTacToe", "TicTacToe.csproj", "{A861E892-921A-4D7F-9118-0328F63E2385}"
EndProject
Global
	GlobalSection(SolutionConfigurationPlatforms) = preSolution
		Debug|Any CPU = Debug|Any CPU
		Release|Any CPU = Release|Any CPU
	EndGlobalSection
	GlobalSection(ProjectConfigurationPlatforms) = postSolution
		{A861E892-921A-4D7F-9118-0328F63E2385}.Debug|Any CPU.ActiveCfg = Debug|Any CPU
		{A861E892-921A-4D7F-9118-0328F63E2385}.Debug|Any CPU.Build.0 = Debug|Any CPU
		{A861E892-921A-4D7F-9118-0328F63E2385}.Release|Any CPU.ActiveCfg = Release|Any CPU
		{A861E892-921A-4D7F-9118-0328F63E2385}.Release|Any CPU.Build.0 = Release|Any CPU
	EndGlobalSection
	GlobalSection(SolutionProperties) = preSolution
		HideSolutionNode = FALSE
	EndGlobalSection
	GlobalSection(ExtensibilityGlobals) = postSolution
		SolutionGuid = {F1014A0B-45F9-409F-88FE-77157E2704B4}
	EndGlobalSection
EndGlobal
