
Microsoft Visual Studio Solution File, Format Version 12.00
# Visual Studio Version 17
VisualStudioVersion = 17.14.36109.1 d17.14
MinimumVisualStudioVersion = 10.0.40219.1
Project("{FAE04EC0-301F-11D3-BF4B-00C04F79EFBC}") = "Level38", "Level38.csproj", "{461EA701-1C0C-4CC4-BEA0-40DE118125C9}"
EndProject
Global
	GlobalSection(SolutionConfigurationPlatforms) = preSolution
		Debug|Any CPU = Debug|Any CPU
		Release|Any CPU = Release|Any CPU
	EndGlobalSection
	GlobalSection(ProjectConfigurationPlatforms) = postSolution
		{461EA701-1C0C-4CC4-BEA0-40DE118125C9}.Debug|Any CPU.ActiveCfg = Debug|Any CPU
		{461EA701-1C0C-4CC4-BEA0-40DE118125C9}.Debug|Any CPU.Build.0 = Debug|Any CPU
		{461EA701-1C0C-4CC4-BEA0-40DE118125C9}.Release|Any CPU.ActiveCfg = Release|Any CPU
		{461EA701-1C0C-4CC4-BEA0-40DE118125C9}.Release|Any CPU.Build.0 = Release|Any CPU
	EndGlobalSection
	GlobalSection(SolutionProperties) = preSolution
		HideSolutionNode = FALSE
	EndGlobalSection
	GlobalSection(ExtensibilityGlobals) = postSolution
		SolutionGuid = {E1839F93-F8FE-448B-A215-258F8D7FBC4B}
	EndGlobalSection
EndGlobal
