
Microsoft Visual Studio Solution File, Format Version 12.00
# Visual Studio Version 17
VisualStudioVersion = 17.14.36121.58 d17.14
MinimumVisualStudioVersion = 10.0.40219.1
Project("{FAE04EC0-301F-11D3-BF4B-00C04F79EFBC}") = "NavigatingOperandCity", "NavigatingOperandCity.csproj", "{1E1E2694-E3AC-40A0-86F0-D4E8218F260B}"
EndProject
Global
	GlobalSection(SolutionConfigurationPlatforms) = preSolution
		Debug|Any CPU = Debug|Any CPU
		Release|Any CPU = Release|Any CPU
	EndGlobalSection
	GlobalSection(ProjectConfigurationPlatforms) = postSolution
		{1E1E2694-E3AC-40A0-86F0-D4E8218F260B}.Debug|Any CPU.ActiveCfg = Debug|Any CPU
		{1E1E2694-E3AC-40A0-86F0-D4E8218F260B}.Debug|Any CPU.Build.0 = Debug|Any CPU
		{1E1E2694-E3AC-40A0-86F0-D4E8218F260B}.Release|Any CPU.ActiveCfg = Release|Any CPU
		{1E1E2694-E3AC-40A0-86F0-D4E8218F260B}.Release|Any CPU.Build.0 = Release|Any CPU
	EndGlobalSection
	GlobalSection(SolutionProperties) = preSolution
		HideSolutionNode = FALSE
	EndGlobalSection
	GlobalSection(ExtensibilityGlobals) = postSolution
		SolutionGuid = {37B12E68-0582-4744-B18D-DA80ECDF9C94}
	EndGlobalSection
EndGlobal
