
Microsoft Visual Studio Solution File, Format Version 12.00
# Visual Studio Version 17
VisualStudioVersion = 17.13.35931.197 d17.13
MinimumVisualStudioVersion = 10.0.40219.1
Project("{FAE04EC0-301F-11D3-BF4B-00C04F79EFBC}") = "Level26TheOldRobot", "Level26TheOldRobot.csproj", "{9161CC06-D726-46F3-9F02-747E016C5964}"
EndProject
Global
	GlobalSection(SolutionConfigurationPlatforms) = preSolution
		Debug|Any CPU = Debug|Any CPU
		Release|Any CPU = Release|Any CPU
	EndGlobalSection
	GlobalSection(ProjectConfigurationPlatforms) = postSolution
		{9161CC06-D726-46F3-9F02-747E016C5964}.Debug|Any CPU.ActiveCfg = Debug|Any CPU
		{9161CC06-D726-46F3-9F02-747E016C5964}.Debug|Any CPU.Build.0 = Debug|Any CPU
		{9161CC06-D726-46F3-9F02-747E016C5964}.Release|Any CPU.ActiveCfg = Release|Any CPU
		{9161CC06-D726-46F3-9F02-747E016C5964}.Release|Any CPU.Build.0 = Release|Any CPU
	EndGlobalSection
	GlobalSection(SolutionProperties) = preSolution
		HideSolutionNode = FALSE
	EndGlobalSection
	GlobalSection(ExtensibilityGlobals) = postSolution
		SolutionGuid = {66755D24-CBAE-4B15-AE7E-A49E4A634D85}
	EndGlobalSection
EndGlobal
