
Microsoft Visual Studio Solution File, Format Version 12.00
# Visual Studio Version 17
VisualStudioVersion = 17.14.36109.1 d17.14
MinimumVisualStudioVersion = 10.0.40219.1
Project("{FAE04EC0-301F-11D3-BF4B-00C04F79EFBC}") = "Level37", "Level37.csproj", "{A0313E24-8C9B-4EB5-AA3B-079306705311}"
EndProject
Global
	GlobalSection(SolutionConfigurationPlatforms) = preSolution
		Debug|Any CPU = Debug|Any CPU
		Release|Any CPU = Release|Any CPU
	EndGlobalSection
	GlobalSection(ProjectConfigurationPlatforms) = postSolution
		{A0313E24-8C9B-4EB5-AA3B-079306705311}.Debug|Any CPU.ActiveCfg = Debug|Any CPU
		{A0313E24-8C9B-4EB5-AA3B-079306705311}.Debug|Any CPU.Build.0 = Debug|Any CPU
		{A0313E24-8C9B-4EB5-AA3B-079306705311}.Release|Any CPU.ActiveCfg = Release|Any CPU
		{A0313E24-8C9B-4EB5-AA3B-079306705311}.Release|Any CPU.Build.0 = Release|Any CPU
	EndGlobalSection
	GlobalSection(SolutionProperties) = preSolution
		HideSolutionNode = FALSE
	EndGlobalSection
	GlobalSection(ExtensibilityGlobals) = postSolution
		SolutionGuid = {10209553-C597-4EA2-B0E3-E9797146A870}
	EndGlobalSection
EndGlobal
