
Microsoft Visual Studio Solution File, Format Version 12.00
# Visual Studio Version 17
VisualStudioVersion = 17.13.35931.197 d17.13
MinimumVisualStudioVersion = 10.0.40219.1
Project("{FAE04EC0-301F-11D3-BF4B-00C04F79EFBC}") = "Level24", "Level24.csproj", "{82763057-1586-4AE5-AE4D-D7D87051A4AF}"
EndProject
Global
	GlobalSection(SolutionConfigurationPlatforms) = preSolution
		Debug|Any CPU = Debug|Any CPU
		Release|Any CPU = Release|Any CPU
	EndGlobalSection
	GlobalSection(ProjectConfigurationPlatforms) = postSolution
		{82763057-1586-4AE5-AE4D-D7D87051A4AF}.Debug|Any CPU.ActiveCfg = Debug|Any CPU
		{82763057-1586-4AE5-AE4D-D7D87051A4AF}.Debug|Any CPU.Build.0 = Debug|Any CPU
		{82763057-1586-4AE5-AE4D-D7D87051A4AF}.Release|Any CPU.ActiveCfg = Release|Any CPU
		{82763057-1586-4AE5-AE4D-D7D87051A4AF}.Release|Any CPU.Build.0 = Release|Any CPU
	EndGlobalSection
	GlobalSection(SolutionProperties) = preSolution
		HideSolutionNode = FALSE
	EndGlobalSection
	GlobalSection(ExtensibilityGlobals) = postSolution
		SolutionGuid = {617D60A9-F275-4F9C-BE66-9C4BC1BD951D}
	EndGlobalSection
EndGlobal
