
Microsoft Visual Studio Solution File, Format Version 12.00
# Visual Studio Version 17
VisualStudioVersion = 17.13.35931.197 d17.13
MinimumVisualStudioVersion = 10.0.40219.1
Project("{FAE04EC0-301F-11D3-BF4B-00C04F79EFBC}") = "TheDoor", "TheDoor.csproj", "{EC2D74DB-D541-457F-BFBF-8E37B844BB85}"
EndProject
Global
	GlobalSection(SolutionConfigurationPlatforms) = preSolution
		Debug|Any CPU = Debug|Any CPU
		Release|Any CPU = Release|Any CPU
	EndGlobalSection
	GlobalSection(ProjectConfigurationPlatforms) = postSolution
		{EC2D74DB-D541-457F-BFBF-8E37B844BB85}.Debug|Any CPU.ActiveCfg = Debug|Any CPU
		{EC2D74DB-D541-457F-BFBF-8E37B844BB85}.Debug|Any CPU.Build.0 = Debug|Any CPU
		{EC2D74DB-D541-457F-BFBF-8E37B844BB85}.Release|Any CPU.ActiveCfg = Release|Any CPU
		{EC2D74DB-D541-457F-BFBF-8E37B844BB85}.Release|Any CPU.Build.0 = Release|Any CPU
	EndGlobalSection
	GlobalSection(SolutionProperties) = preSolution
		HideSolutionNode = FALSE
	EndGlobalSection
	GlobalSection(ExtensibilityGlobals) = postSolution
		SolutionGuid = {CD75C0FB-914B-4726-9253-32E99E0FCF91}
	EndGlobalSection
EndGlobal
